
Microsoft Visual Studio Solution File, Format Version 12.00
# Visual Studio Version 16
VisualStudioVersion = 16.0.28917.181
MinimumVisualStudioVersion = 10.0.40219.1
Project("{FAE04EC0-301F-11D3-BF4B-00C04F79EFBC}") = "PetShop", "PetShop\PetShop.csproj", "{8FD7EF18-81C3-4D32-A529-13EDD486359F}"
EndProject
Project("{FAE04EC0-301F-11D3-BF4B-00C04F79EFBC}") = "PetShopLibrary", "PetShopLibrary\PetShopLibrary.csproj", "{B58F40EF-69CB-4207-9DD3-A91B9D869E2F}"
EndProject
Global
	GlobalSection(SolutionConfigurationPlatforms) = preSolution
		Debug|Any CPU = Debug|Any CPU
		Release|Any CPU = Release|Any CPU
	EndGlobalSection
	GlobalSection(ProjectConfigurationPlatforms) = postSolution
		{8FD7EF18-81C3-4D32-A529-13EDD486359F}.Debug|Any CPU.ActiveCfg = Debug|Any CPU
		{8FD7EF18-81C3-4D32-A529-13EDD486359F}.Debug|Any CPU.Build.0 = Debug|Any CPU
		{8FD7EF18-81C3-4D32-A529-13EDD486359F}.Release|Any CPU.ActiveCfg = Release|Any CPU
		{8FD7EF18-81C3-4D32-A529-13EDD486359F}.Release|Any CPU.Build.0 = Release|Any CPU
		{B58F40EF-69CB-4207-9DD3-A91B9D869E2F}.Debug|Any CPU.ActiveCfg = Debug|Any CPU
		{B58F40EF-69CB-4207-9DD3-A91B9D869E2F}.Debug|Any CPU.Build.0 = Debug|Any CPU
		{B58F40EF-69CB-4207-9DD3-A91B9D869E2F}.Release|Any CPU.ActiveCfg = Release|Any CPU
		{B58F40EF-69CB-4207-9DD3-A91B9D869E2F}.Release|Any CPU.Build.0 = Release|Any CPU
	EndGlobalSection
	GlobalSection(SolutionProperties) = preSolution
		HideSolutionNode = FALSE
	EndGlobalSection
	GlobalSection(ExtensibilityGlobals) = postSolution
		SolutionGuid = {2E969CCE-900E-4D51-85B0-C7F5749D07B7}
	EndGlobalSection
EndGlobal
